
Microsoft Visual Studio Solution File, Format Version 12.00
# Visual Studio Version 16
VisualStudioVersion = 16.0.29519.181
MinimumVisualStudioVersion = 10.0.40219.1
Project("{FAE04EC0-301F-11D3-BF4B-00C04F79EFBC}") = "RegionTest", "RegionTest\RegionTest.csproj", "{8465DFB7-4DDE-4DDD-ADBD-2BF6868DDDBD}"
EndProject
Global
	GlobalSection(SolutionConfigurationPlatforms) = preSolution
		Debug|Any CPU = Debug|Any CPU
		Release|Any CPU = Release|Any CPU
	EndGlobalSection
	GlobalSection(ProjectConfigurationPlatforms) = postSolution
		{8465DFB7-4DDE-4DDD-ADBD-2BF6868DDDBD}.Debug|Any CPU.ActiveCfg = Debug|Any CPU
		{8465DFB7-4DDE-4DDD-ADBD-2BF6868DDDBD}.Debug|Any CPU.Build.0 = Debug|Any CPU
		{8465DFB7-4DDE-4DDD-ADBD-2BF6868DDDBD}.Release|Any CPU.ActiveCfg = Release|Any CPU
		{8465DFB7-4DDE-4DDD-ADBD-2BF6868DDDBD}.Release|Any CPU.Build.0 = Release|Any CPU
	EndGlobalSection
	GlobalSection(SolutionProperties) = preSolution
		HideSolutionNode = FALSE
	EndGlobalSection
	GlobalSection(ExtensibilityGlobals) = postSolution
		SolutionGuid = {8A47894E-7D3C-469A-A51F-2C9BF99F6E24}
	EndGlobalSection
EndGlobal
